
Microsoft Visual Studio Solution File, Format Version 12.00
# Visual Studio Version 17
VisualStudioVersion = 17.8.34330.188
MinimumVisualStudioVersion = 10.0.40219.1
Project("{9A19103F-16F7-4668-BE54-9A1E7A4F7556}") = "WarehouseApi", "WarehouseApi\WarehouseApi.csproj", "{C2082321-5B66-4DF2-9790-3EC6DA4AC9AD}"
EndProject
Project("{FAE04EC0-301F-11D3-BF4B-00C04F79EFBC}") = "WarehouseApplication", "WarehouseApplication\WarehouseApplication.csproj", "{451FFD93-80FE-43D3-986E-55FC4A8BB17B}"
EndProject
Global
	GlobalSection(SolutionConfigurationPlatforms) = preSolution
		Debug|Any CPU = Debug|Any CPU
		Release|Any CPU = Release|Any CPU
	EndGlobalSection
	GlobalSection(ProjectConfigurationPlatforms) = postSolution
		{C2082321-5B66-4DF2-9790-3EC6DA4AC9AD}.Debug|Any CPU.ActiveCfg = Debug|Any CPU
		{C2082321-5B66-4DF2-9790-3EC6DA4AC9AD}.Debug|Any CPU.Build.0 = Debug|Any CPU
		{C2082321-5B66-4DF2-9790-3EC6DA4AC9AD}.Release|Any CPU.ActiveCfg = Release|Any CPU
		{C2082321-5B66-4DF2-9790-3EC6DA4AC9AD}.Release|Any CPU.Build.0 = Release|Any CPU
		{451FFD93-80FE-43D3-986E-55FC4A8BB17B}.Debug|Any CPU.ActiveCfg = Debug|Any CPU
		{451FFD93-80FE-43D3-986E-55FC4A8BB17B}.Debug|Any CPU.Build.0 = Debug|Any CPU
		{451FFD93-80FE-43D3-986E-55FC4A8BB17B}.Release|Any CPU.ActiveCfg = Release|Any CPU
		{451FFD93-80FE-43D3-986E-55FC4A8BB17B}.Release|Any CPU.Build.0 = Release|Any CPU
	EndGlobalSection
	GlobalSection(SolutionProperties) = preSolution
		HideSolutionNode = FALSE
	EndGlobalSection
	GlobalSection(ExtensibilityGlobals) = postSolution
		SolutionGuid = {32667283-FBEC-490B-8830-789569A2D0CA}
	EndGlobalSection
EndGlobal
